
Microsoft Visual Studio Solution File, Format Version 12.00
# Visual Studio Version 17
VisualStudioVersion = 17.0.32112.339
MinimumVisualStudioVersion = 10.0.40219.1
Project("{FAE04EC0-301F-11D3-BF4B-00C04F79EFBC}") = "validation-login", "validation-login\validation-login.csproj", "{79E574DE-0580-4860-AB12-9D0F585A0D36}"
EndProject
Global
	GlobalSection(SolutionConfigurationPlatforms) = preSolution
		Debug|Any CPU = Debug|Any CPU
		Release|Any CPU = Release|Any CPU
	EndGlobalSection
	GlobalSection(ProjectConfigurationPlatforms) = postSolution
		{79E574DE-0580-4860-AB12-9D0F585A0D36}.Debug|Any CPU.ActiveCfg = Debug|Any CPU
		{79E574DE-0580-4860-AB12-9D0F585A0D36}.Debug|Any CPU.Build.0 = Debug|Any CPU
		{79E574DE-0580-4860-AB12-9D0F585A0D36}.Release|Any CPU.ActiveCfg = Release|Any CPU
		{79E574DE-0580-4860-AB12-9D0F585A0D36}.Release|Any CPU.Build.0 = Release|Any CPU
	EndGlobalSection
	GlobalSection(SolutionProperties) = preSolution
		HideSolutionNode = FALSE
	EndGlobalSection
	GlobalSection(ExtensibilityGlobals) = postSolution
		SolutionGuid = {8B070B74-F8A1-40C1-B19A-482D2CF8F1F7}
	EndGlobalSection
EndGlobal
